
Microsoft Visual Studio Solution File, Format Version 12.00
# Visual Studio Version 16
VisualStudioVersion = 16.0.30711.63
MinimumVisualStudioVersion = 10.0.40219.1
Project("{FAE04EC0-301F-11D3-BF4B-00C04F79EFBC}") = "Tennis.Data.Api.Web", "Tennis.Data.Api.Web\Tennis.Data.Api.Web.csproj", "{38428B7E-262D-4F4E-9B67-08817FC7E014}"
EndProject
Project("{FAE04EC0-301F-11D3-BF4B-00C04F79EFBC}") = "Tennis.Data.Api.Web.UnitTests", "Tennis.Data.Api.Web.UnitTests\Tennis.Data.Api.Web.UnitTests.csproj", "{10EEC963-32E2-40B7-8E9C-8C41BD9679D7}"
EndProject
Project("{FAE04EC0-301F-11D3-BF4B-00C04F79EFBC}") = "Tennis.Data.Api.Domain", "Tennis.Data.Api.Domain\Tennis.Data.Api.Domain.csproj", "{CFF24F22-BC32-4526-A525-7C60673ADF49}"
EndProject
Project("{FAE04EC0-301F-11D3-BF4B-00C04F79EFBC}") = "Tennis.Data.Api.Domain.UnitTests", "Tennis.Data.Api.Domain.UnitTests\Tennis.Data.Api.Domain.UnitTests.csproj", "{0E1B3786-A3E0-4244-9C58-284C4FE454CC}"
EndProject
Global
	GlobalSection(SolutionConfigurationPlatforms) = preSolution
		Debug|Any CPU = Debug|Any CPU
		Release|Any CPU = Release|Any CPU
	EndGlobalSection
	GlobalSection(ProjectConfigurationPlatforms) = postSolution
		{38428B7E-262D-4F4E-9B67-08817FC7E014}.Debug|Any CPU.ActiveCfg = Debug|Any CPU
		{38428B7E-262D-4F4E-9B67-08817FC7E014}.Debug|Any CPU.Build.0 = Debug|Any CPU
		{38428B7E-262D-4F4E-9B67-08817FC7E014}.Release|Any CPU.ActiveCfg = Release|Any CPU
		{38428B7E-262D-4F4E-9B67-08817FC7E014}.Release|Any CPU.Build.0 = Release|Any CPU
		{10EEC963-32E2-40B7-8E9C-8C41BD9679D7}.Debug|Any CPU.ActiveCfg = Debug|Any CPU
		{10EEC963-32E2-40B7-8E9C-8C41BD9679D7}.Debug|Any CPU.Build.0 = Debug|Any CPU
		{10EEC963-32E2-40B7-8E9C-8C41BD9679D7}.Release|Any CPU.ActiveCfg = Release|Any CPU
		{10EEC963-32E2-40B7-8E9C-8C41BD9679D7}.Release|Any CPU.Build.0 = Release|Any CPU
		{CFF24F22-BC32-4526-A525-7C60673ADF49}.Debug|Any CPU.ActiveCfg = Debug|Any CPU
		{CFF24F22-BC32-4526-A525-7C60673ADF49}.Debug|Any CPU.Build.0 = Debug|Any CPU
		{CFF24F22-BC32-4526-A525-7C60673ADF49}.Release|Any CPU.ActiveCfg = Release|Any CPU
		{CFF24F22-BC32-4526-A525-7C60673ADF49}.Release|Any CPU.Build.0 = Release|Any CPU
		{0E1B3786-A3E0-4244-9C58-284C4FE454CC}.Debug|Any CPU.ActiveCfg = Debug|Any CPU
		{0E1B3786-A3E0-4244-9C58-284C4FE454CC}.Debug|Any CPU.Build.0 = Debug|Any CPU
		{0E1B3786-A3E0-4244-9C58-284C4FE454CC}.Release|Any CPU.ActiveCfg = Release|Any CPU
		{0E1B3786-A3E0-4244-9C58-284C4FE454CC}.Release|Any CPU.Build.0 = Release|Any CPU
	EndGlobalSection
	GlobalSection(SolutionProperties) = preSolution
		HideSolutionNode = FALSE
	EndGlobalSection
	GlobalSection(ExtensibilityGlobals) = postSolution
		SolutionGuid = {2734D8AD-229C-4E1C-BE90-6F289AD54CCE}
	EndGlobalSection
EndGlobal
